// !$*UTF8*$!
{
	archiveVersion = 1;
	classes = {
	};
	objectVersion = 50;
	objects = {

/* Begin PBXBuildFile section */
		50173F1D259F7D9800F14801 /* elder-bednar.jpeg in Resources */ = {isa = PBXBuildFile; fileRef = 50173F1C259F7D9800F14801 /* elder-bednar.jpeg */; };
		50732D402587B4B3002B0EAC /* bad.mp3 in Resources */ = {isa = PBXBuildFile; fileRef = 50732D3F2587B4B3002B0EAC /* bad.mp3 */; };
		50C4BE6125865C0400307DFB /* Music_Player_ExpApp.swift in Sources */ = {isa = PBXBuildFile; fileRef = 50C4BE6025865C0400307DFB /* Music_Player_ExpApp.swift */; };
		50C4BE6325865C0400307DFB /* ContentView.swift in Sources */ = {isa = PBXBuildFile; fileRef = 50C4BE6225865C0400307DFB /* ContentView.swift */; };
		50C4BE6525865C0600307DFB /* Assets.xcassets in Resources */ = {isa = PBXBuildFile; fileRef = 50C4BE6425865C0600307DFB /* Assets.xcassets */; };
		50C4BE6825865C0700307DFB /* Preview Assets.xcassets in Resources */ = {isa = PBXBuildFile; fileRef = 50C4BE6725865C0600307DFB /* Preview Assets.xcassets */; };
		50C4BE7325865C0700307DFB /* Music_Player_ExpTests.swift in Sources */ = {isa = PBXBuildFile; fileRef = 50C4BE7225865C0700307DFB /* Music_Player_ExpTests.swift */; };
		50C4BE7E25865C0700307DFB /* Music_Player_ExpUITests.swift in Sources */ = {isa = PBXBuildFile; fileRef = 50C4BE7D25865C0700307DFB /* Music_Player_ExpUITests.swift */; };
		50C4BE8F25865F1B00307DFB /* black.mp3 in Resources */ = {isa = PBXBuildFile; fileRef = 50C4BE8E25865F1B00307DFB /* black.mp3 */; };
/* End PBXBuildFile section */

/* Begin PBXContainerItemProxy section */
		50C4BE6F25865C0700307DFB /* PBXContainerItemProxy */ = {
			isa = PBXContainerItemProxy;
			containerPortal = 50C4BE5525865C0400307DFB /* Project object */;
			proxyType = 1;
			remoteGlobalIDString = 50C4BE5C25865C0400307DFB;
			remoteInfo = "Music Player Exp";
		};
		50C4BE7A25865C0700307DFB /* PBXContainerItemProxy */ = {
			isa = PBXContainerItemProxy;
			containerPortal = 50C4BE5525865C0400307DFB /* Project object */;
			proxyType = 1;
			remoteGlobalIDString = 50C4BE5C25865C0400307DFB;
			remoteInfo = "Music Player Exp";
		};
/* End PBXContainerItemProxy section */

/* Begin PBXFileReference section */
		50173F1C259F7D9800F14801 /* elder-bednar.jpeg */ = {isa = PBXFileReference; lastKnownFileType = image.jpeg; path = "elder-bednar.jpeg"; sourceTree = "<group>"; };
		50732D3F2587B4B3002B0EAC /* bad.mp3 */ = {isa = PBXFileReference; lastKnownFileType = audio.mp3; path = bad.mp3; sourceTree = "<group>"; };
		50C4BE5D25865C0400307DFB /* Music Player Exp.app */ = {isa = PBXFileReference; explicitFileType = wrapper.application; includeInIndex = 0; path = "Music Player Exp.app"; sourceTree = BUILT_PRODUCTS_DIR; };
		50C4BE6025865C0400307DFB /* Music_Player_ExpApp.swift */ = {isa = PBXFileReference; lastKnownFileType = sourcecode.swift; path = Music_Player_ExpApp.swift; sourceTree = "<group>"; };
		50C4BE6225865C0400307DFB /* ContentView.swift */ = {isa = PBXFileReference; lastKnownFileType = sourcecode.swift; path = ContentView.swift; sourceTree = "<group>"; };
		50C4BE6425865C0600307DFB /* Assets.xcassets */ = {isa = PBXFileReference; lastKnownFileType = folder.assetcatalog; path = Assets.xcassets; sourceTree = "<group>"; };
		50C4BE6725865C0600307DFB /* Preview Assets.xcassets */ = {isa = PBXFileReference; lastKnownFileType = folder.assetcatalog; path = "Preview Assets.xcassets"; sourceTree = "<group>"; };
		50C4BE6925865C0700307DFB /* Info.plist */ = {isa = PBXFileReference; lastKnownFileType = text.plist.xml; path = Info.plist; sourceTree = "<group>"; };
		50C4BE6E25865C0700307DFB /* Music Player ExpTests.xctest */ = {isa = PBXFileReference; explicitFileType = wrapper.cfbundle; includeInIndex = 0; path = "Music Player ExpTests.xctest"; sourceTree = BUILT_PRODUCTS_DIR; };
		50C4BE7225865C0700307DFB /* Music_Player_ExpTests.swift */ = {isa = PBXFileReference; lastKnownFileType = sourcecode.swift; path = Music_Player_ExpTests.swift; sourceTree = "<group>"; };
		50C4BE7425865C0700307DFB /* Info.plist */ = {isa = PBXFileReference; lastKnownFileType = text.plist.xml; path = Info.plist; sourceTree = "<group>"; };
		50C4BE7925865C0700307DFB /* Music Player ExpUITests.xctest */ = {isa = PBXFileReference; explicitFileType = wrapper.cfbundle; includeInIndex = 0; path = "Music Player ExpUITests.xctest"; sourceTree = BUILT_PRODUCTS_DIR; };
		50C4BE7D25865C0700307DFB /* Music_Player_ExpUITests.swift */ = {isa = PBXFileReference; lastKnownFileType = sourcecode.swift; path = Music_Player_ExpUITests.swift; sourceTree = "<group>"; };
		50C4BE7F25865C0700307DFB /* Info.plist */ = {isa = PBXFileReference; lastKnownFileType = text.plist.xml; path = Info.plist; sourceTree = "<group>"; };
		50C4BE8E25865F1B00307DFB /* black.mp3 */ = {isa = PBXFileReference; lastKnownFileType = audio.mp3; path = black.mp3; sourceTree = "<group>"; };
/* End PBXFileReference section */

/* Begin PBXFrameworksBuildPhase section */
		50C4BE5A25865C0400307DFB /* Frameworks */ = {
			isa = PBXFrameworksBuildPhase;
			buildActionMask = 2147483647;
			files = (
			);
			runOnlyForDeploymentPostprocessing = 0;
		};
		50C4BE6B25865C0700307DFB /* Frameworks */ = {
			isa = PBXFrameworksBuildPhase;
			buildActionMask = 2147483647;
			files = (
			);
			runOnlyForDeploymentPostprocessing = 0;
		};
		50C4BE7625865C0700307DFB /* Frameworks */ = {
			isa = PBXFrameworksBuildPhase;
			buildActionMask = 2147483647;
			files = (
			);
			runOnlyForDeploymentPostprocessing = 0;
		};
/* End PBXFrameworksBuildPhase section */

/* Begin PBXGroup section */
		50C4BE5425865C0400307DFB = {
			isa = PBXGroup;
			children = (
				50C4BE5F25865C0400307DFB /* Music Player Exp */,
				50C4BE7125865C0700307DFB /* Music Player ExpTests */,
				50C4BE7C25865C0700307DFB /* Music Player ExpUITests */,
				50C4BE5E25865C0400307DFB /* Products */,
			);
			sourceTree = "<group>";
		};
		50C4BE5E25865C0400307DFB /* Products */ = {
			isa = PBXGroup;
			children = (
				50C4BE5D25865C0400307DFB /* Music Player Exp.app */,
				50C4BE6E25865C0700307DFB /* Music Player ExpTests.xctest */,
				50C4BE7925865C0700307DFB /* Music Player ExpUITests.xctest */,
			);
			name = Products;
			sourceTree = "<group>";
		};
		50C4BE5F25865C0400307DFB /* Music Player Exp */ = {
			isa = PBXGroup;
			children = (
				50C4BE6025865C0400307DFB /* Music_Player_ExpApp.swift */,
				50C4BE8E25865F1B00307DFB /* black.mp3 */,
				50732D3F2587B4B3002B0EAC /* bad.mp3 */,
				50173F1C259F7D9800F14801 /* elder-bednar.jpeg */,
				50C4BE6225865C0400307DFB /* ContentView.swift */,
				50C4BE6425865C0600307DFB /* Assets.xcassets */,
				50C4BE6925865C0700307DFB /* Info.plist */,
				50C4BE6625865C0600307DFB /* Preview Content */,
			);
			path = "Music Player Exp";
			sourceTree = "<group>";
		};
		50C4BE6625865C0600307DFB /* Preview Content */ = {
			isa = PBXGroup;
			children = (
				50C4BE6725865C0600307DFB /* Preview Assets.xcassets */,
			);
			path = "Preview Content";
			sourceTree = "<group>";
		};
		50C4BE7125865C0700307DFB /* Music Player ExpTests */ = {
			isa = PBXGroup;
			children = (
				50C4BE7225865C0700307DFB /* Music_Player_ExpTests.swift */,
				50C4BE7425865C0700307DFB /* Info.plist */,
			);
			path = "Music Player ExpTests";
			sourceTree = "<group>";
		};
		50C4BE7C25865C0700307DFB /* Music Player ExpUITests */ = {
			isa = PBXGroup;
			children = (
				50C4BE7D25865C0700307DFB /* Music_Player_ExpUITests.swift */,
				50C4BE7F25865C0700307DFB /* Info.plist */,
			);
			path = "Music Player ExpUITests";
			sourceTree = "<group>";
		};
/* End PBXGroup section */

/* Begin PBXNativeTarget section */
		50C4BE5C25865C0400307DFB /* Music Player Exp */ = {
			isa = PBXNativeTarget;
			buildConfigurationList = 50C4BE8225865C0700307DFB /* Build configuration list for PBXNativeTarget "Music Player Exp" */;
			buildPhases = (
				50C4BE5925865C0400307DFB /* Sources */,
				50C4BE5A25865C0400307DFB /* Frameworks */,
				50C4BE5B25865C0400307DFB /* Resources */,
			);
			buildRules = (
			);
			dependencies = (
			);
			name = "Music Player Exp";
			productName = "Music Player Exp";
			productReference = 50C4BE5D25865C0400307DFB /* Music Player Exp.app */;
			productType = "com.apple.product-type.application";
		};
		50C4BE6D25865C0700307DFB /* Music Player ExpTests */ = {
			isa = PBXNativeTarget;
			buildConfigurationList = 50C4BE8525865C0700307DFB /* Build configuration list for PBXNativeTarget "Music Player ExpTests" */;
			buildPhases = (
				50C4BE6A25865C0700307DFB /* Sources */,
				50C4BE6B25865C0700307DFB /* Frameworks */,
				50C4BE6C25865C0700307DFB /* Resources */,
			);
			buildRules = (
			);
			dependencies = (
				50C4BE7025865C0700307DFB /* PBXTargetDependency */,
			);
			name = "Music Player ExpTests";
			productName = "Music Player ExpTests";
			productReference = 50C4BE6E25865C0700307DFB /* Music Player ExpTests.xctest */;
			productType = "com.apple.product-type.bundle.unit-test";
		};
		50C4BE7825865C0700307DFB /* Music Player ExpUITests */ = {
			isa = PBXNativeTarget;
			buildConfigurationList = 50C4BE8825865C0700307DFB /* Build configuration list for PBXNativeTarget "Music Player ExpUITests" */;
			buildPhases = (
				50C4BE7525865C0700307DFB /* Sources */,
				50C4BE7625865C0700307DFB /* Frameworks */,
				50C4BE7725865C0700307DFB /* Resources */,
			);
			buildRules = (
			);
			dependencies = (
				50C4BE7B25865C0700307DFB /* PBXTargetDependency */,
			);
			name = "Music Player ExpUITests";
			productName = "Music Player ExpUITests";
			productReference = 50C4BE7925865C0700307DFB /* Music Player ExpUITests.xctest */;
			productType = "com.apple.product-type.bundle.ui-testing";
		};
/* End PBXNativeTarget section */

/* Begin PBXProject section */
		50C4BE5525865C0400307DFB /* Project object */ = {
			isa = PBXProject;
			attributes = {
				LastSwiftUpdateCheck = 1220;
				LastUpgradeCheck = 1220;
				TargetAttributes = {
					50C4BE5C25865C0400307DFB = {
						CreatedOnToolsVersion = 12.2;
					};
					50C4BE6D25865C0700307DFB = {
						CreatedOnToolsVersion = 12.2;
						TestTargetID = 50C4BE5C25865C0400307DFB;
					};
					50C4BE7825865C0700307DFB = {
						CreatedOnToolsVersion = 12.2;
						TestTargetID = 50C4BE5C25865C0400307DFB;
					};
				};
			};
			buildConfigurationList = 50C4BE5825865C0400307DFB /* Build configuration list for PBXProject "Music Player Exp" */;
			compatibilityVersion = "Xcode 9.3";
			developmentRegion = en;
			hasScannedForEncodings = 0;
			knownRegions = (
				en,
				Base,
			);
			mainGroup = 50C4BE5425865C0400307DFB;
			productRefGroup = 50C4BE5E25865C0400307DFB /* Products */;
			projectDirPath = "";
			projectRoot = "";
			targets = (
				50C4BE5C25865C0400307DFB /* Music Player Exp */,
				50C4BE6D25865C0700307DFB /* Music Player ExpTests */,
				50C4BE7825865C0700307DFB /* Music Player ExpUITests */,
			);
		};
/* End PBXProject section */

/* Begin PBXResourcesBuildPhase section */
		50C4BE5B25865C0400307DFB /* Resources */ = {
			isa = PBXResourcesBuildPhase;
			buildActionMask = 2147483647;
			files = (
				50732D402587B4B3002B0EAC /* bad.mp3 in Resources */,
				50173F1D259F7D9800F14801 /* elder-bednar.jpeg in Resources */,
				50C4BE6825865C0700307DFB /* Preview Assets.xcassets in Resources */,
				50C4BE6525865C0600307DFB /* Assets.xcassets in Resources */,
				50C4BE8F25865F1B00307DFB /* black.mp3 in Resources */,
			);
			runOnlyForDeploymentPostprocessing = 0;
		};
		50C4BE6C25865C0700307DFB /* Resources */ = {
			isa = PBXResourcesBuildPhase;
			buildActionMask = 2147483647;
			files = (
			);
			runOnlyForDeploymentPostprocessing = 0;
		};
		50C4BE7725865C0700307DFB /* Resources */ = {
			isa = PBXResourcesBuildPhase;
			buildActionMask = 2147483647;
			files = (
			);
			runOnlyForDeploymentPostprocessing = 0;
		};
/* End PBXResourcesBuildPhase section */

/* Begin PBXSourcesBuildPhase section */
		50C4BE5925865C0400307DFB /* Sources */ = {
			isa = PBXSourcesBuildPhase;
			buildActionMask = 2147483647;
			files = (
				50C4BE6325865C0400307DFB /* ContentView.swift in Sources */,
				50C4BE6125865C0400307DFB /* Music_Player_ExpApp.swift in Sources */,
			);
			runOnlyForDeploymentPostprocessing = 0;
		};
		50C4BE6A25865C0700307DFB /* Sources */ = {
			isa = PBXSourcesBuildPhase;
			buildActionMask = 2147483647;
			files = (
				50C4BE7325865C0700307DFB /* Music_Player_ExpTests.swift in Sources */,
			);
			runOnlyForDeploymentPostprocessing = 0;
		};
		50C4BE7525865C0700307DFB /* Sources */ = {
			isa = PBXSourcesBuildPhase;
			buildActionMask = 2147483647;
			files = (
				50C4BE7E25865C0700307DFB /* Music_Player_ExpUITests.swift in Sources */,
			);
			runOnlyForDeploymentPostprocessing = 0;
		};
/* End PBXSourcesBuildPhase section */

/* Begin PBXTargetDependency section */
		50C4BE7025865C0700307DFB /* PBXTargetDependency */ = {
			isa = PBXTargetDependency;
			target = 50C4BE5C25865C0400307DFB /* Music Player Exp */;
			targetProxy = 50C4BE6F25865C0700307DFB /* PBXContainerItemProxy */;
		};
		50C4BE7B25865C0700307DFB /* PBXTargetDependency */ = {
			isa = PBXTargetDependency;
			target = 50C4BE5C25865C0400307DFB /* Music Player Exp */;
			targetProxy = 50C4BE7A25865C0700307DFB /* PBXContainerItemProxy */;
		};
/* End PBXTargetDependency section */

/* Begin XCBuildConfiguration section */
		50C4BE8025865C0700307DFB /* Debug */ = {
			isa = XCBuildConfiguration;
			buildSettings = {
				ALWAYS_SEARCH_USER_PATHS = NO;
				CLANG_ANALYZER_NONNULL = YES;
				CLANG_ANALYZER_NUMBER_OBJECT_CONVERSION = YES_AGGRESSIVE;
				CLANG_CXX_LANGUAGE_STANDARD = "gnu++14";
				CLANG_CXX_LIBRARY = "libc++";
				CLANG_ENABLE_MODULES = YES;
				CLANG_ENABLE_OBJC_ARC = YES;
				CLANG_ENABLE_OBJC_WEAK = YES;
				CLANG_WARN_BLOCK_CAPTURE_AUTORELEASING = YES;
				CLANG_WARN_BOOL_CONVERSION = YES;
				CLANG_WARN_COMMA = YES;
				CLANG_WARN_CONSTANT_CONVERSION = YES;
				CLANG_WARN_DEPRECATED_OBJC_IMPLEMENTATIONS = YES;
				CLANG_WARN_DIRECT_OBJC_ISA_USAGE = YES_ERROR;
				CLANG_WARN_DOCUMENTATION_COMMENTS = YES;
				CLANG_WARN_EMPTY_BODY = YES;
				CLANG_WARN_ENUM_CONVERSION = YES;
				CLANG_WARN_INFINITE_RECURSION = YES;
				CLANG_WARN_INT_CONVERSION = YES;
				CLANG_WARN_NON_LITERAL_NULL_CONVERSION = YES;
				CLANG_WARN_OBJC_IMPLICIT_RETAIN_SELF = YES;
				CLANG_WARN_OBJC_LITERAL_CONVERSION = YES;
				CLANG_WARN_OBJC_ROOT_CLASS = YES_ERROR;
				CLANG_WARN_QUOTED_INCLUDE_IN_FRAMEWORK_HEADER = YES;
				CLANG_WARN_RANGE_LOOP_ANALYSIS = YES;
				CLANG_WARN_STRICT_PROTOTYPES = YES;
				CLANG_WARN_SUSPICIOUS_MOVE = YES;
				CLANG_WARN_UNGUARDED_AVAILABILITY = YES_AGGRESSIVE;
				CLANG_WARN_UNREACHABLE_CODE = YES;
				CLANG_WARN__DUPLICATE_METHOD_MATCH = YES;
				COPY_PHASE_STRIP = NO;
				DEBUG_INFORMATION_FORMAT = dwarf;
				ENABLE_STRICT_OBJC_MSGSEND = YES;
				ENABLE_TESTABILITY = YES;
				GCC_C_LANGUAGE_STANDARD = gnu11;
				GCC_DYNAMIC_NO_PIC = NO;
				GCC_NO_COMMON_BLOCKS = YES;
				GCC_OPTIMIZATION_LEVEL = 0;
				GCC_PREPROCESSOR_DEFINITIONS = (
					"DEBUG=1",
					"$(inherited)",
				);
				GCC_WARN_64_TO_32_BIT_CONVERSION = YES;
				GCC_WARN_ABOUT_RETURN_TYPE = YES_ERROR;
				GCC_WARN_UNDECLARED_SELECTOR = YES;
				GCC_WARN_UNINITIALIZED_AUTOS = YES_AGGRESSIVE;
				GCC_WARN_UNUSED_FUNCTION = YES;
				GCC_WARN_UNUSED_VARIABLE = YES;
				IPHONEOS_DEPLOYMENT_TARGET = 14.2;
				MTL_ENABLE_DEBUG_INFO = INCLUDE_SOURCE;
				MTL_FAST_MATH = YES;
				ONLY_ACTIVE_ARCH = YES;
				SDKROOT = iphoneos;
				SWIFT_ACTIVE_COMPILATION_CONDITIONS = DEBUG;
				SWIFT_OPTIMIZATION_LEVEL = "-Onone";
			};
			name = Debug;
		};
		50C4BE8125865C0700307DFB /* Release */ = {
			isa = XCBuildConfiguration;
			buildSettings = {
				ALWAYS_SEARCH_USER_PATHS = NO;
				CLANG_ANALYZER_NONNULL = YES;
				CLANG_ANALYZER_NUMBER_OBJECT_CONVERSION = YES_AGGRESSIVE;
				CLANG_CXX_LANGUAGE_STANDARD = "gnu++14";
				CLANG_CXX_LIBRARY = "libc++";
				CLANG_ENABLE_MODULES = YES;
				CLANG_ENABLE_OBJC_ARC = YES;
				CLANG_ENABLE_OBJC_WEAK = YES;
				CLANG_WARN_BLOCK_CAPTURE_AUTORELEASING = YES;
				CLANG_WARN_BOOL_CONVERSION = YES;
				CLANG_WARN_COMMA = YES;
				CLANG_WARN_CONSTANT_CONVERSION = YES;
				CLANG_WARN_DEPRECATED_OBJC_IMPLEMENTATIONS = YES;
				CLANG_WARN_DIRECT_OBJC_ISA_USAGE = YES_ERROR;
				CLANG_WARN_DOCUMENTATION_COMMENTS = YES;
				CLANG_WARN_EMPTY_BODY = YES;
				CLANG_WARN_ENUM_CONVERSION = YES;
				CLANG_WARN_INFINITE_RECURSION = YES;
				CLANG_WARN_INT_CONVERSION = YES;
				CLANG_WARN_NON_LITERAL_NULL_CONVERSION = YES;
				CLANG_WARN_OBJC_IMPLICIT_RETAIN_SELF = YES;
				CLANG_WARN_OBJC_LITERAL_CONVERSION = YES;
				CLANG_WARN_OBJC_ROOT_CLASS = YES_ERROR;
				CLANG_WARN_QUOTED_INCLUDE_IN_FRAMEWORK_HEADER = YES;
				CLANG_WARN_RANGE_LOOP_ANALYSIS = YES;
				CLANG_WARN_STRICT_PROTOTYPES = YES;
				CLANG_WARN_SUSPICIOUS_MOVE = YES;
				CLANG_WARN_UNGUARDED_AVAILABILITY = YES_AGGRESSIVE;
				CLANG_WARN_UNREACHABLE_CODE = YES;
				CLANG_WARN__DUPLICATE_METHOD_MATCH = YES;
				COPY_PHASE_STRIP = NO;
				DEBUG_INFORMATION_FORMAT = "dwarf-with-dsym";
				ENABLE_NS_ASSERTIONS = NO;
				ENABLE_STRICT_OBJC_MSGSEND = YES;
				GCC_C_LANGUAGE_STANDARD = gnu11;
				GCC_NO_COMMON_BLOCKS = YES;
				GCC_WARN_64_TO_32_BIT_CONVERSION = YES;
				GCC_WARN_ABOUT_RETURN_TYPE = YES_ERROR;
				GCC_WARN_UNDECLARED_SELECTOR = YES;
				GCC_WARN_UNINITIALIZED_AUTOS = YES_AGGRESSIVE;
				GCC_WARN_UNUSED_FUNCTION = YES;
				GCC_WARN_UNUSED_VARIABLE = YES;
				IPHONEOS_DEPLOYMENT_TARGET = 14.2;
				MTL_ENABLE_DEBUG_INFO = NO;
				MTL_FAST_MATH = YES;
				SDKROOT = iphoneos;
				SWIFT_COMPILATION_MODE = wholemodule;
				SWIFT_OPTIMIZATION_LEVEL = "-O";
				VALIDATE_PRODUCT = YES;
			};
			name = Release;
		};
		50C4BE8325865C0700307DFB /* Debug */ = {
			isa = XCBuildConfiguration;
			buildSettings = {
				ASSETCATALOG_COMPILER_APPICON_NAME = AppIcon;
				ASSETCATALOG_COMPILER_GLOBAL_ACCENT_COLOR_NAME = AccentColor;
				CODE_SIGN_STYLE = Automatic;
				DEVELOPMENT_ASSET_PATHS = "\"Music Player Exp/Preview Content\"";
				DEVELOPMENT_TEAM = BZL36C25J5;
				ENABLE_PREVIEWS = YES;
				INFOPLIST_FILE = "Music Player Exp/Info.plist";
				IPHONEOS_DEPLOYMENT_TARGET = 14.0;
				LD_RUNPATH_SEARCH_PATHS = (
					"$(inherited)",
					"@executable_path/Frameworks",
				);
				PRODUCT_BUNDLE_IDENTIFIER = "com.BB.Music-Player-Exp";
				PRODUCT_NAME = "$(TARGET_NAME)";
				SWIFT_VERSION = 5.0;
				TARGETED_DEVICE_FAMILY = "1,2";
			};
			name = Debug;
		};
		50C4BE8425865C0700307DFB /* Release */ = {
			isa = XCBuildConfiguration;
			buildSettings = {
				ASSETCATALOG_COMPILER_APPICON_NAME = AppIcon;
				ASSETCATALOG_COMPILER_GLOBAL_ACCENT_COLOR_NAME = AccentColor;
				CODE_SIGN_STYLE = Automatic;
				DEVELOPMENT_ASSET_PATHS = "\"Music Player Exp/Preview Content\"";
				DEVELOPMENT_TEAM = BZL36C25J5;
				ENABLE_PREVIEWS = YES;
				INFOPLIST_FILE = "Music Player Exp/Info.plist";
				IPHONEOS_DEPLOYMENT_TARGET = 14.0;
				LD_RUNPATH_SEARCH_PATHS = (
					"$(inherited)",
					"@executable_path/Frameworks",
				);
				PRODUCT_BUNDLE_IDENTIFIER = "com.BB.Music-Player-Exp";
				PRODUCT_NAME = "$(TARGET_NAME)";
				SWIFT_VERSION = 5.0;
				TARGETED_DEVICE_FAMILY = "1,2";
			};
			name = Release;
		};
		50C4BE8625865C0700307DFB /* Debug */ = {
			isa = XCBuildConfiguration;
			buildSettings = {
				ALWAYS_EMBED_SWIFT_STANDARD_LIBRARIES = YES;
				BUNDLE_LOADER = "$(TEST_HOST)";
				CODE_SIGN_STYLE = Automatic;
				DEVELOPMENT_TEAM = BZL36C25J5;
				INFOPLIST_FILE = "Music Player ExpTests/Info.plist";
				IPHONEOS_DEPLOYMENT_TARGET = 14.0;
				LD_RUNPATH_SEARCH_PATHS = (
					"$(inherited)",
					"@executable_path/Frameworks",
					"@loader_path/Frameworks",
				);
				PRODUCT_BUNDLE_IDENTIFIER = "com.BB.Music-Player-ExpTests";
				PRODUCT_NAME = "$(TARGET_NAME)";
				SWIFT_VERSION = 5.0;
				TARGETED_DEVICE_FAMILY = "1,2";
				TEST_HOST = "$(BUILT_PRODUCTS_DIR)/Music Player Exp.app/Music Player Exp";
			};
			name = Debug;
		};
		50C4BE8725865C0700307DFB /* Release */ = {
			isa = XCBuildConfiguration;
			buildSettings = {
				ALWAYS_EMBED_SWIFT_STANDARD_LIBRARIES = YES;
				BUNDLE_LOADER = "$(TEST_HOST)";
				CODE_SIGN_STYLE = Automatic;
				DEVELOPMENT_TEAM = BZL36C25J5;
				INFOPLIST_FILE = "Music Player ExpTests/Info.plist";
				IPHONEOS_DEPLOYMENT_TARGET = 14.0;
				LD_RUNPATH_SEARCH_PATHS = (
					"$(inherited)",
					"@executable_path/Frameworks",
					"@loader_path/Frameworks",
				);
				PRODUCT_BUNDLE_IDENTIFIER = "com.BB.Music-Player-ExpTests";
				PRODUCT_NAME = "$(TARGET_NAME)";
				SWIFT_VERSION = 5.0;
				TARGETED_DEVICE_FAMILY = "1,2";
				TEST_HOST = "$(BUILT_PRODUCTS_DIR)/Music Player Exp.app/Music Player Exp";
			};
			name = Release;
		};
		50C4BE8925865C0700307DFB /* Debug */ = {
			isa = XCBuildConfiguration;
			buildSettings = {
				ALWAYS_EMBED_SWIFT_STANDARD_LIBRARIES = YES;
				CODE_SIGN_STYLE = Automatic;
				DEVELOPMENT_TEAM = BZL36C25J5;
				INFOPLIST_FILE = "Music Player ExpUITests/Info.plist";
				LD_RUNPATH_SEARCH_PATHS = (
					"$(inherited)",
					"@executable_path/Frameworks",
					"@loader_path/Frameworks",
				);
				PRODUCT_BUNDLE_IDENTIFIER = "com.BB.Music-Player-ExpUITests";
				PRODUCT_NAME = "$(TARGET_NAME)";
				SWIFT_VERSION = 5.0;
				TARGETED_DEVICE_FAMILY = "1,2";
				TEST_TARGET_NAME = "Music Player Exp";
			};
			name = Debug;
		};
		50C4BE8A25865C0700307DFB /* Release */ = {
			isa = XCBuildConfiguration;
			buildSettings = {
				ALWAYS_EMBED_SWIFT_STANDARD_LIBRARIES = YES;
				CODE_SIGN_STYLE = Automatic;
				DEVELOPMENT_TEAM = BZL36C25J5;
				INFOPLIST_FILE = "Music Player ExpUITests/Info.plist";
				LD_RUNPATH_SEARCH_PATHS = (
					"$(inherited)",
					"@executable_path/Frameworks",
					"@loader_path/Frameworks",
				);
				PRODUCT_BUNDLE_IDENTIFIER = "com.BB.Music-Player-ExpUITests";
				PRODUCT_NAME = "$(TARGET_NAME)";
				SWIFT_VERSION = 5.0;
				TARGETED_DEVICE_FAMILY = "1,2";
				TEST_TARGET_NAME = "Music Player Exp";
			};
			name = Release;
		};
/* End XCBuildConfiguration section */

/* Begin XCConfigurationList section */
		50C4BE5825865C0400307DFB /* Build configuration list for PBXProject "Music Player Exp" */ = {
			isa = XCConfigurationList;
			buildConfigurations = (
				50C4BE8025865C0700307DFB /* Debug */,
				50C4BE8125865C0700307DFB /* Release */,
			);
			defaultConfigurationIsVisible = 0;
			defaultConfigurationName = Release;
		};
		50C4BE8225865C0700307DFB /* Build configuration list for PBXNativeTarget "Music Player Exp" */ = {
			isa = XCConfigurationList;
			buildConfigurations = (
				50C4BE8325865C0700307DFB /* Debug */,
				50C4BE8425865C0700307DFB /* Release */,
			);
			defaultConfigurationIsVisible = 0;
			defaultConfigurationName = Release;
		};
		50C4BE8525865C0700307DFB /* Build configuration list for PBXNativeTarget "Music Player ExpTests" */ = {
			isa = XCConfigurationList;
			buildConfigurations = (
				50C4BE8625865C0700307DFB /* Debug */,
				50C4BE8725865C0700307DFB /* Release */,
			);
			defaultConfigurationIsVisible = 0;
			defaultConfigurationName = Release;
		};
		50C4BE8825865C0700307DFB /* Build configuration list for PBXNativeTarget "Music Player ExpUITests" */ = {
			isa = XCConfigurationList;
			buildConfigurations = (
				50C4BE8925865C0700307DFB /* Debug */,
				50C4BE8A25865C0700307DFB /* Release */,
			);
			defaultConfigurationIsVisible = 0;
			defaultConfigurationName = Release;
		};
/* End XCConfigurationList section */
	};
	rootObject = 50C4BE5525865C0400307DFB /* Project object */;
}
